// !$*UTF8*$!
{
	archiveVersion = 1;
	classes = {
	};
	objectVersion = 110;
	objects = {

/* Begin PBXContainerItemProxy section */
		CF2DEC3130402D2600BD2F79 /* PBXContainerItemProxy */ = {
			isa = PBXContainerItemProxy;
			containerPortal = CF2DEC1130402D2500BD2F79 /* Project object */;
			proxyType = 1;
			remoteGlobalIDString = CF2DEC1830402D2500BD2F79;
			remoteInfo = earthflight;
		};
/* End PBXContainerItemProxy section */

/* Begin PBXFileReference section */
		CF2DEC1930402D2500BD2F79 /* earthflight.app */ = {isa = PBXFileReference; explicitFileType = wrapper.application; includeInIndex = 0; path = earthflight.app; sourceTree = BUILT_PRODUCTS_DIR; };
		CF2DEC3030402D2600BD2F79 /* earthflightTests.xctest */ = {isa = PBXFileReference; explicitFileType = wrapper.cfbundle; includeInIndex = 0; path = earthflightTests.xctest; sourceTree = BUILT_PRODUCTS_DIR; };
/* End PBXFileReference section */

/* Begin PBXFileSystemSynchronizedBuildFileExceptionSet section */
		CF2DEC3630402D2600BD2F79 /* Exceptions for "earthflight" folder in "earthflight" target */ = {
			isa = PBXFileSystemSynchronizedBuildFileExceptionSet;
			membershipExceptions = (
				Info.plist,
			);
			target = CF2DEC1830402D2500BD2F79 /* earthflight */;
		};
/* End PBXFileSystemSynchronizedBuildFileExceptionSet section */

/* Begin PBXFileSystemSynchronizedRootGroup section */
		CF2DEC1B30402D2500BD2F79 /* earthflight */ = {
			isa = PBXFileSystemSynchronizedRootGroup;
			exceptions = (
				CF2DEC3630402D2600BD2F79 /* Exceptions for "earthflight" folder in "earthflight" target */,
			);
			explicitFolders = (
				Resources/Materials,
			);
			path = earthflight;
			sourceTree = "<group>";
		};
		CF2DEC3330402D2600BD2F79 /* earthflightTests */ = {
			isa = PBXFileSystemSynchronizedRootGroup;
			path = earthflightTests;
			sourceTree = "<group>";
		};
/* End PBXFileSystemSynchronizedRootGroup section */

/* Begin PBXFrameworksBuildPhase section */
		CF2DEC1630402D2500BD2F79 /* Frameworks */ = {
			isa = PBXFrameworksBuildPhase;
			files = (
			);
		};
		CF2DEC2D30402D2600BD2F79 /* Frameworks */ = {
			isa = PBXFrameworksBuildPhase;
			files = (
			);
		};
/* End PBXFrameworksBuildPhase section */

/* Begin PBXGroup section */
		CF2DEC1030402D2500BD2F79 = {
			isa = PBXGroup;
			children = (
				CF2DEC1B30402D2500BD2F79 /* earthflight */,
				CF2DEC3330402D2600BD2F79 /* earthflightTests */,
				CF2DEC1A30402D2500BD2F79 /* Products */,
			);
			sourceTree = "<group>";
		};
		CF2DEC1A30402D2500BD2F79 /* Products */ = {
			isa = PBXGroup;
			children = (
				CF2DEC1930402D2500BD2F79 /* earthflight.app */,
				CF2DEC3030402D2600BD2F79 /* earthflightTests.xctest */,
			);
			name = Products;
			sourceTree = "<group>";
		};
/* End PBXGroup section */

/* Begin PBXNativeTarget section */
		CF2DEC1830402D2500BD2F79 /* earthflight */ = {
			isa = PBXNativeTarget;
			buildConfigurationList = CF2DEC3730402D2600BD2F79 /* Build configuration list for PBXNativeTarget "earthflight" */;
			buildPhases = (
				CF2DEC1530402D2500BD2F79 /* Sources */,
				CF2DEC1630402D2500BD2F79 /* Frameworks */,
				CF2DEC1730402D2500BD2F79 /* Resources */,
			);
			buildRules = (
			);
			fileSystemSynchronizedGroups = (
				CF2DEC1B30402D2500BD2F79 /* earthflight */,
			);
			name = earthflight;
			productName = earthflight;
			productReference = CF2DEC1930402D2500BD2F79 /* earthflight.app */;
			productType = "com.apple.product-type.application";
		};
		CF2DEC2F30402D2600BD2F79 /* earthflightTests */ = {
			isa = PBXNativeTarget;
			buildConfigurationList = CF2DEC3C30402D2600BD2F79 /* Build configuration list for PBXNativeTarget "earthflightTests" */;
			buildPhases = (
				CF2DEC2C30402D2600BD2F79 /* Sources */,
				CF2DEC2D30402D2600BD2F79 /* Frameworks */,
				CF2DEC2E30402D2600BD2F79 /* Resources */,
			);
			buildRules = (
			);
			dependencies = (
				CF2DEC3230402D2600BD2F79 /* PBXTargetDependency */,
			);
			fileSystemSynchronizedGroups = (
				CF2DEC3330402D2600BD2F79 /* earthflightTests */,
			);
			name = earthflightTests;
			productName = earthflightTests;
			productReference = CF2DEC3030402D2600BD2F79 /* earthflightTests.xctest */;
			productType = "com.apple.product-type.bundle.unit-test";
		};
/* End PBXNativeTarget section */

/* Begin PBXProject section */
		CF2DEC1130402D2500BD2F79 /* Project object */ = {
			isa = PBXProject;
			attributes = {
				BuildIndependentTargetsInParallel = 1;
				LastSwiftUpdateCheck = 2700;
				LastUpgradeCheck = 2700;
				TargetAttributes = {
					CF2DEC1830402D2500BD2F79 = {
						CreatedOnToolsVersion = 27.0;
					};
					CF2DEC2F30402D2600BD2F79 = {
						CreatedOnToolsVersion = 27.0;
						TestTargetID = CF2DEC1830402D2500BD2F79;
					};
				};
			};
			buildConfigurationList = CF2DEC1430402D2500BD2F79 /* Build configuration list for PBXProject "earthflight" */;
			developmentRegion = en;
			hasScannedForEncodings = 0;
			knownRegions = (
				en,
				Base,
			);
			mainGroup = CF2DEC1030402D2500BD2F79;
			minimizedProjectReferenceProxies = 1;
			preferredProjectObjectVersion = 77;
			productRefGroup = CF2DEC1A30402D2500BD2F79 /* Products */;
			projectDirPath = "";
			projectRoot = "";
			targets = (
				CF2DEC1830402D2500BD2F79 /* earthflight */,
				CF2DEC2F30402D2600BD2F79 /* earthflightTests */,
			);
		};
/* End PBXProject section */

/* Begin PBXResourcesBuildPhase section */
		CF2DEC1730402D2500BD2F79 /* Resources */ = {
			isa = PBXResourcesBuildPhase;
			files = (
			);
		};
		CF2DEC2E30402D2600BD2F79 /* Resources */ = {
			isa = PBXResourcesBuildPhase;
			files = (
			);
		};
/* End PBXResourcesBuildPhase section */

/* Begin PBXSourcesBuildPhase section */
		CF2DEC1530402D2500BD2F79 /* Sources */ = {
			isa = PBXSourcesBuildPhase;
			files = (
			);
		};
		CF2DEC2C30402D2600BD2F79 /* Sources */ = {
			isa = PBXSourcesBuildPhase;
			files = (
			);
		};
/* End PBXSourcesBuildPhase section */

/* Begin PBXTargetDependency section */
		CF2DEC3230402D2600BD2F79 /* PBXTargetDependency */ = {
			isa = PBXTargetDependency;
			target = CF2DEC1830402D2500BD2F79 /* earthflight */;
			targetProxy = CF2DEC3130402D2600BD2F79 /* PBXContainerItemProxy */;
		};
/* End PBXTargetDependency section */

/* Begin XCBuildConfiguration section */
		CF2DEC3830402D2600BD2F79 /* Debug configuration for PBXNativeTarget "earthflight" */ = {
			isa = XCBuildConfiguration;
			buildSettings = {
				ASSETCATALOG_COMPILER_APPICON_NAME = AppIcon;
				ASSETCATALOG_COMPILER_GLOBAL_ACCENT_COLOR_NAME = AccentColor;
				CODE_SIGN_STYLE = Automatic;
				CURRENT_PROJECT_VERSION = 1;
				DEVELOPMENT_TEAM = 6MPTQP8T3Y;
				ENABLE_PREVIEWS = YES;
				GENERATE_INFOPLIST_FILE = YES;
				INFOPLIST_FILE = "$(TARGET_NAME)/Info.plist";
				LD_RUNPATH_SEARCH_PATHS = (
					"$(inherited)",
					"@executable_path/Frameworks",
				);
				MARKETING_VERSION = 1.0;
				PRODUCT_BUNDLE_IDENTIFIER = uk.co.logicterm.earthflight;
				PRODUCT_NAME = "$(TARGET_NAME)";
				STRING_CATALOG_GENERATE_SYMBOLS = YES;
				SUPPORTED_PLATFORMS = "xros xrsimulator";
				SWIFT_APPROACHABLE_CONCURRENCY = YES;
				SWIFT_DEFAULT_ACTOR_ISOLATION = MainActor;
				SWIFT_EMIT_LOC_STRINGS = YES;
				SWIFT_UPCOMING_FEATURE_MEMBER_IMPORT_VISIBILITY = YES;
				SWIFT_VERSION = 5.0;
				TARGETED_DEVICE_FAMILY = 7;
			};
			name = Debug;
		};
		CF2DEC3930402D2600BD2F79 /* Release configuration for PBXNativeTarget "earthflight" */ = {
			isa = XCBuildConfiguration;
			buildSettings = {
				ASSETCATALOG_COMPILER_APPICON_NAME = AppIcon;
				ASSETCATALOG_COMPILER_GLOBAL_ACCENT_COLOR_NAME = AccentColor;
				CODE_SIGN_STYLE = Automatic;
				CURRENT_PROJECT_VERSION = 1;
				DEVELOPMENT_TEAM = 6MPTQP8T3Y;
				ENABLE_PREVIEWS = YES;
				GENERATE_INFOPLIST_FILE = YES;
				INFOPLIST_FILE = "$(TARGET_NAME)/Info.plist";
				LD_RUNPATH_SEARCH_PATHS = (
					"$(inherited)",
					"@executable_path/Frameworks",
				);
				MARKETING_VERSION = 1.0;
				PRODUCT_BUNDLE_IDENTIFIER = uk.co.logicterm.earthflight;
				PRODUCT_NAME = "$(TARGET_NAME)";
				STRING_CATALOG_GENERATE_SYMBOLS = YES;
				SUPPORTED_PLATFORMS = "xros xrsimulator";
				SWIFT_APPROACHABLE_CONCURRENCY = YES;
				SWIFT_DEFAULT_ACTOR_ISOLATION = MainActor;
				SWIFT_EMIT_LOC_STRINGS = YES;
				SWIFT_UPCOMING_FEATURE_MEMBER_IMPORT_VISIBILITY = YES;
				SWIFT_VERSION = 5.0;
				TARGETED_DEVICE_FAMILY = 7;
			};
			name = Release;
		};
		CF2DEC3A30402D2600BD2F79 /* Debug configuration for PBXProject "earthflight" */ = {
			isa = XCBuildConfiguration;
			buildSettings = {
				ALWAYS_SEARCH_USER_PATHS = NO;
				ASSETCATALOG_COMPILER_GENERATE_SWIFT_ASSET_SYMBOL_EXTENSIONS = YES;
				CLANG_ANALYZER_NONNULL = YES;
				CLANG_ANALYZER_NUMBER_OBJECT_CONVERSION = YES_AGGRESSIVE;
				CLANG_CXX_LANGUAGE_STANDARD = "gnu++20";
				CLANG_ENABLE_MODULES = YES;
				CLANG_ENABLE_OBJC_ARC = YES;
				CLANG_ENABLE_OBJC_WEAK = YES;
				CLANG_WARN_BLOCK_CAPTURE_AUTORELEASING = YES;
				CLANG_WARN_BOOL_CONVERSION = YES;
				CLANG_WARN_COMMA = YES;
				CLANG_WARN_CONSTANT_CONVERSION = YES;
				CLANG_WARN_DEPRECATED_OBJC_IMPLEMENTATIONS = YES;
				CLANG_WARN_DIRECT_OBJC_ISA_USAGE = YES_ERROR;
				CLANG_WARN_DOCUMENTATION_COMMENTS = YES;
				CLANG_WARN_EMPTY_BODY = YES;
				CLANG_WARN_ENUM_CONVERSION = YES;
				CLANG_WARN_INFINITE_RECURSION = YES;
				CLANG_WARN_INT_CONVERSION = YES;
				CLANG_WARN_NON_LITERAL_NULL_CONVERSION = YES;
				CLANG_WARN_OBJC_IMPLICIT_RETAIN_SELF = YES;
				CLANG_WARN_OBJC_LITERAL_CONVERSION = YES;
				CLANG_WARN_OBJC_ROOT_CLASS = YES_ERROR;
				CLANG_WARN_QUOTED_INCLUDE_IN_FRAMEWORK_HEADER = YES;
				CLANG_WARN_RANGE_LOOP_ANALYSIS = YES;
				CLANG_WARN_STRICT_PROTOTYPES = YES;
				CLANG_WARN_SUSPICIOUS_MOVE = YES;
				CLANG_WARN_UNGUARDED_AVAILABILITY = YES_AGGRESSIVE;
				CLANG_WARN_UNREACHABLE_CODE = YES;
				CLANG_WARN__DUPLICATE_METHOD_MATCH = YES;
				COPY_PHASE_STRIP = NO;
				DEBUG_INFORMATION_FORMAT = dwarf;
				DEVELOPMENT_TEAM = 6MPTQP8T3Y;
				ENABLE_STRICT_OBJC_MSGSEND = YES;
				ENABLE_TESTABILITY = YES;
				ENABLE_USER_SCRIPT_SANDBOXING = YES;
				GCC_C_LANGUAGE_STANDARD = gnu17;
				GCC_DYNAMIC_NO_PIC = NO;
				GCC_NO_COMMON_BLOCKS = YES;
				GCC_OPTIMIZATION_LEVEL = 0;
				GCC_PREPROCESSOR_DEFINITIONS = (
					"DEBUG=1",
					"$(inherited)",
				);
				GCC_WARN_64_TO_32_BIT_CONVERSION = YES;
				GCC_WARN_ABOUT_RETURN_TYPE = YES_ERROR;
				GCC_WARN_UNDECLARED_SELECTOR = YES;
				GCC_WARN_UNINITIALIZED_AUTOS = YES_AGGRESSIVE;
				GCC_WARN_UNUSED_FUNCTION = YES;
				GCC_WARN_UNUSED_VARIABLE = YES;
				LOCALIZATION_PREFERS_STRING_CATALOGS = YES;
				MTL_ENABLE_DEBUG_INFO = INCLUDE_SOURCE;
				MTL_FAST_MATH = YES;
				ONLY_ACTIVE_ARCH = YES;
				SDKROOT = xros;
				SWIFT_ACTIVE_COMPILATION_CONDITIONS = "DEBUG $(inherited)";
				SWIFT_OPTIMIZATION_LEVEL = "-Onone";
				XROS_DEPLOYMENT_TARGET = 27.0;
			};
			name = Debug;
		};
		CF2DEC3B30402D2600BD2F79 /* Release configuration for PBXProject "earthflight" */ = {
			isa = XCBuildConfiguration;
			buildSettings = {
				ALWAYS_SEARCH_USER_PATHS = NO;
				ASSETCATALOG_COMPILER_GENERATE_SWIFT_ASSET_SYMBOL_EXTENSIONS = YES;
				CLANG_ANALYZER_NONNULL = YES;
				CLANG_ANALYZER_NUMBER_OBJECT_CONVERSION = YES_AGGRESSIVE;
				CLANG_CXX_LANGUAGE_STANDARD = "gnu++20";
				CLANG_ENABLE_MODULES = YES;
				CLANG_ENABLE_OBJC_ARC = YES;
				CLANG_ENABLE_OBJC_WEAK = YES;
				CLANG_WARN_BLOCK_CAPTURE_AUTORELEASING = YES;
				CLANG_WARN_BOOL_CONVERSION = YES;
				CLANG_WARN_COMMA = YES;
				CLANG_WARN_CONSTANT_CONVERSION = YES;
				CLANG_WARN_DEPRECATED_OBJC_IMPLEMENTATIONS = YES;
				CLANG_WARN_DIRECT_OBJC_ISA_USAGE = YES_ERROR;
				CLANG_WARN_DOCUMENTATION_COMMENTS = YES;
				CLANG_WARN_EMPTY_BODY = YES;
				CLANG_WARN_ENUM_CONVERSION = YES;
				CLANG_WARN_INFINITE_RECURSION = YES;
				CLANG_WARN_INT_CONVERSION = YES;
				CLANG_WARN_NON_LITERAL_NULL_CONVERSION = YES;
				CLANG_WARN_OBJC_IMPLICIT_RETAIN_SELF = YES;
				CLANG_WARN_OBJC_LITERAL_CONVERSION = YES;
				CLANG_WARN_OBJC_ROOT_CLASS = YES_ERROR;
				CLANG_WARN_QUOTED_INCLUDE_IN_FRAMEWORK_HEADER = YES;
				CLANG_WARN_RANGE_LOOP_ANALYSIS = YES;
				CLANG_WARN_STRICT_PROTOTYPES = YES;
				CLANG_WARN_SUSPICIOUS_MOVE = YES;
				CLANG_WARN_UNGUARDED_AVAILABILITY = YES_AGGRESSIVE;
				CLANG_WARN_UNREACHABLE_CODE = YES;
				CLANG_WARN__DUPLICATE_METHOD_MATCH = YES;
				COPY_PHASE_STRIP = NO;
				DEBUG_INFORMATION_FORMAT = "dwarf-with-dsym";
				DEVELOPMENT_TEAM = 6MPTQP8T3Y;
				ENABLE_NS_ASSERTIONS = NO;
				ENABLE_STRICT_OBJC_MSGSEND = YES;
				ENABLE_USER_SCRIPT_SANDBOXING = YES;
				GCC_C_LANGUAGE_STANDARD = gnu17;
				GCC_NO_COMMON_BLOCKS = YES;
				GCC_WARN_64_TO_32_BIT_CONVERSION = YES;
				GCC_WARN_ABOUT_RETURN_TYPE = YES_ERROR;
				GCC_WARN_UNDECLARED_SELECTOR = YES;
				GCC_WARN_UNINITIALIZED_AUTOS = YES_AGGRESSIVE;
				GCC_WARN_UNUSED_FUNCTION = YES;
				GCC_WARN_UNUSED_VARIABLE = YES;
				LOCALIZATION_PREFERS_STRING_CATALOGS = YES;
				MTL_ENABLE_DEBUG_INFO = NO;
				MTL_FAST_MATH = YES;
				SDKROOT = xros;
				SWIFT_COMPILATION_MODE = wholemodule;
				VALIDATE_PRODUCT = YES;
				XROS_DEPLOYMENT_TARGET = 27.0;
			};
			name = Release;
		};
		CF2DEC3D30402D2600BD2F79 /* Debug configuration for PBXNativeTarget "earthflightTests" */ = {
			isa = XCBuildConfiguration;
			buildSettings = {
				BUNDLE_LOADER = "$(TEST_HOST)";
				CODE_SIGN_STYLE = Automatic;
				CURRENT_PROJECT_VERSION = 1;
				DEVELOPMENT_TEAM = 6MPTQP8T3Y;
				GENERATE_INFOPLIST_FILE = YES;
				MARKETING_VERSION = 1.0;
				PRODUCT_BUNDLE_IDENTIFIER = uk.co.logicterm.earthflightTests;
				PRODUCT_NAME = "$(TARGET_NAME)";
				STRING_CATALOG_GENERATE_SYMBOLS = NO;
				SUPPORTED_PLATFORMS = "xros xrsimulator";
				SWIFT_APPROACHABLE_CONCURRENCY = YES;
				SWIFT_EMIT_LOC_STRINGS = NO;
				SWIFT_UPCOMING_FEATURE_MEMBER_IMPORT_VISIBILITY = YES;
				SWIFT_VERSION = 5.0;
				TARGETED_DEVICE_FAMILY = 7;
				TEST_HOST = "$(BUILT_PRODUCTS_DIR)/earthflight.app/$(BUNDLE_EXECUTABLE_FOLDER_PATH)/earthflight";
				XROS_DEPLOYMENT_TARGET = 27.0;
			};
			name = Debug;
		};
		CF2DEC3E30402D2600BD2F79 /* Release configuration for PBXNativeTarget "earthflightTests" */ = {
			isa = XCBuildConfiguration;
			buildSettings = {
				BUNDLE_LOADER = "$(TEST_HOST)";
				CODE_SIGN_STYLE = Automatic;
				CURRENT_PROJECT_VERSION = 1;
				DEVELOPMENT_TEAM = 6MPTQP8T3Y;
				GENERATE_INFOPLIST_FILE = YES;
				MARKETING_VERSION = 1.0;
				PRODUCT_BUNDLE_IDENTIFIER = uk.co.logicterm.earthflightTests;
				PRODUCT_NAME = "$(TARGET_NAME)";
				STRING_CATALOG_GENERATE_SYMBOLS = NO;
				SUPPORTED_PLATFORMS = "xros xrsimulator";
				SWIFT_APPROACHABLE_CONCURRENCY = YES;
				SWIFT_EMIT_LOC_STRINGS = NO;
				SWIFT_UPCOMING_FEATURE_MEMBER_IMPORT_VISIBILITY = YES;
				SWIFT_VERSION = 5.0;
				TARGETED_DEVICE_FAMILY = 7;
				TEST_HOST = "$(BUILT_PRODUCTS_DIR)/earthflight.app/$(BUNDLE_EXECUTABLE_FOLDER_PATH)/earthflight";
				XROS_DEPLOYMENT_TARGET = 27.0;
			};
			name = Release;
		};
/* End XCBuildConfiguration section */

/* Begin XCConfigurationList section */
		CF2DEC1430402D2500BD2F79 /* Build configuration list for PBXProject "earthflight" */ = {
			isa = XCConfigurationList;
			buildConfigurations = (
				CF2DEC3A30402D2600BD2F79 /* Debug configuration for PBXProject "earthflight" */,
				CF2DEC3B30402D2600BD2F79 /* Release configuration for PBXProject "earthflight" */,
			);
			defaultConfigurationName = Release;
		};
		CF2DEC3730402D2600BD2F79 /* Build configuration list for PBXNativeTarget "earthflight" */ = {
			isa = XCConfigurationList;
			buildConfigurations = (
				CF2DEC3830402D2600BD2F79 /* Debug configuration for PBXNativeTarget "earthflight" */,
				CF2DEC3930402D2600BD2F79 /* Release configuration for PBXNativeTarget "earthflight" */,
			);
			defaultConfigurationName = Release;
		};
		CF2DEC3C30402D2600BD2F79 /* Build configuration list for PBXNativeTarget "earthflightTests" */ = {
			isa = XCConfigurationList;
			buildConfigurations = (
				CF2DEC3D30402D2600BD2F79 /* Debug configuration for PBXNativeTarget "earthflightTests" */,
				CF2DEC3E30402D2600BD2F79 /* Release configuration for PBXNativeTarget "earthflightTests" */,
			);
			defaultConfigurationName = Release;
		};
/* End XCConfigurationList section */
	};
	rootObject = CF2DEC1130402D2500BD2F79 /* Project object */;
	validationLevel = 1;
}
